
Microsoft Visual Studio Solution File, Format Version 12.00
# Visual Studio Version 16
VisualStudioVersion = 16.0.30717.126
MinimumVisualStudioVersion = 10.0.40219.1
Project("{9A19103F-16F7-4668-BE54-9A1E7A4F7556}") = "Soundify", "Soundify\Soundify.csproj", "{3699F881-9621-4332-B89C-060BFAAD1912}"
EndProject
Global
	GlobalSection(SolutionConfigurationPlatforms) = preSolution
		Debug|Any CPU = Debug|Any CPU
		Release|Any CPU = Release|Any CPU
	EndGlobalSection
	GlobalSection(ProjectConfigurationPlatforms) = postSolution
		{3699F881-9621-4332-B89C-060BFAAD1912}.Debug|Any CPU.ActiveCfg = Debug|Any CPU
		{3699F881-9621-4332-B89C-060BFAAD1912}.Debug|Any CPU.Build.0 = Debug|Any CPU
		{3699F881-9621-4332-B89C-060BFAAD1912}.Release|Any CPU.ActiveCfg = Release|Any CPU
		{3699F881-9621-4332-B89C-060BFAAD1912}.Release|Any CPU.Build.0 = Release|Any CPU
	EndGlobalSection
	GlobalSection(SolutionProperties) = preSolution
		HideSolutionNode = FALSE
	EndGlobalSection
	GlobalSection(ExtensibilityGlobals) = postSolution
		SolutionGuid = {BBF3D911-07A2-469C-82EF-DBF33FC5A128}
	EndGlobalSection
EndGlobal
